annotated-doc==0.0.4
annotated-types==0.7.0
anyio==4.12.1
certifi==2026.7.22
cffi==2.1.1 ; platform_python_implementation != 'PyPy'
charset-normalizer==3.5.1
click==8.3.1
colorama==0.4.6 ; sys_platform == 'win32'
cryptography==50.0.1
fastapi==0.135.1
google-api-core==2.36.0
google-auth==2.57.1
google-cloud-vision==3.15.0
googleapis-common-protos==1.75.3
grpcio==1.83.1
grpcio-status==1.83.1
h11==0.16.0
idna==3.11
opentelemetry-api==1.44.0
pillow==12.3.0
proto-plus==1.28.4
protobuf==7.36.1
pyasn1==0.6.4
pyasn1-modules==0.4.2
pycparser==3.0 ; implementation_name != 'PyPy' and platform_python_implementation != 'PyPy'
pydantic==2.12.5
pydantic-core==2.41.5
python-multipart==0.0.20
requests==2.34.2
starlette==1.0.0
typing-extensions==4.15.0
typing-inspection==0.4.2
urllib3==2.7.0
uvicorn==0.42.0
